[[package]]
category = "main"
description = "Python parsing module"
name = "pyparsing"
optional = false
python-versions = "*"
version = "2.3.1"

[[package]]
category = "main"
description = "A Python library to create SVG drawings."
name = "svgwrite"
optional = false
python-versions = "*"
version = "1.2.1"

[package.dependencies]
pyparsing = ">=2.0.1"

[metadata]
content-hash = "f87142708ce07fc043bede20b63623dd12399e6b2b83100130c654c21342afb4"
python-versions = "^3.6"

[metadata.hashes]
pyparsing = ["66c9268862641abcac4a96ba74506e594c884e3f57690a696d21ad8210ed667a", "f6c5ef0d7480ad048c054c37632c67fca55299990fff127850181659eea33fc3"]
svgwrite = ["3a3ffd9cea9323ca53afd2e5049c2be174590078d306ea5fe3e2dce037a29343", "72ef66c9fe367989823cb237ab7f012ac809dd3ba76c1b5ebd9aa61580e2e75e"]
